// !$*UTF8*$!
{
	archiveVersion = 1;
	classes = {
	};
	objectVersion = 46;
	objects = {

/* Begin PBXBuildFile section */
		0D4D874B85F7A96174D9E53F /* include_juce_audio_devices.mm */ = {isa = PBXBuildFile; fileRef = 52451221AB2087A8D897CBA2; };
		0F077423DFC1528348BDEDE3 /* AudioToolbox.framework */ = {isa = PBXBuildFile; fileRef = 533575158A72B67802F9AB34; };
		0FA0CDB2D0B09FDB329DBA00 /* CoreMIDI.framework */ = {isa = PBXBuildFile; fileRef = 11119CC578363A5A6A6F5697; };
		152A63008B3AD96DFE963DAE /* include_juce_audio_utils.mm */ = {isa = PBXBuildFile; fileRef = 3748BB2AD38FC0692FFEA940; };
		16F04C2C91BC004FC9ACFD49 /* SelectorComponents.cpp */ = {isa = PBXBuildFile; fileRef = 2692EE82F69D86147A602F1C; };
		1DE6E0FABA01D6BCD50A74BC /* Controller.cpp */ = {isa = PBXBuildFile; fileRef = 36D99845EA04FB27612DFF6A; };
		23353D7A2D2D762F69ABE940 /* include_juce_gui_extra.mm */ = {isa = PBXBuildFile; fileRef = F3C7AFCFC75B0C45EBB3E75C; };
		256AF42CC1DC20F02EE24303 /* Model.cpp */ = {isa = PBXBuildFile; fileRef = 6EFB7F051DEB3C42A33645C7; };
		26CD4F214337980409A538A0 /* include_juce_events.mm */ = {isa = PBXBuildFile; fileRef = 20BE160BA8B454DCC7F68C62; };
		2D961EF809C4FDA11087DE02 /* Note.cpp */ = {isa = PBXBuildFile; fileRef = C5D3BDA1CB2A91D0FB142002; };
		2F4AFE8F5E0CFDDF3D6E6180 /* Accelerate.framework */ = {isa = PBXBuildFile; fileRef = D9104CC8E632A504AEAA95B4; };
		30B1F2D3E738CEA605399AC5 /* Images.xcassets */ = {isa = PBXBuildFile; fileRef = DCBE353EF9CECBF50ED1CDC8; };
		39D0A3B7E445B452EFB2416C /* include_juce_audio_formats.mm */ = {isa = PBXBuildFile; fileRef = 2A7F0DC58AABEEC66BBE5A26; };
		3D2879BA587CEFE20E950FF1 /* App */ = {isa = PBXBuildFile; fileRef = 558BDADC340E2D1C716FE3BD; };
		3F8B15DF3ADC8C2234CDBFF8 /* Broadcaster.cpp */ = {isa = PBXBuildFile; fileRef = 94068A15A6F64DD4296451CE; };
		47BA62F3006734572355952E /* LookAndFeel.cpp */ = {isa = PBXBuildFile; fileRef = 5B10B61AA89233187388936B; };
		5055526F8F7D71CB066D2B7E /* include_juce_gui_basics.mm */ = {isa = PBXBuildFile; fileRef = 4CBA1C33BAA0A1E642DA8947; };
		50CC1D4DEA2693718F2F4B5F /* Main.cpp */ = {isa = PBXBuildFile; fileRef = 68B6818F29460A59FA7A1208; };
		57FCC12D8FD855157A0D38A9 /* CoreAudio.framework */ = {isa = PBXBuildFile; fileRef = 14CFC8F0289FAAD33DE3CE10; };
		5A146E276047B2A01DFF3C66 /* CoreImage.framework */ = {isa = PBXBuildFile; fileRef = 60D08B88A5E88C80D9AA8FFF; };
		5AFC738C36B50ACC72B37144 /* LaunchScreen.storyboard */ = {isa = PBXBuildFile; fileRef = 47AA700881BCBC4031A2C42F; };
		630A70430A7E36A5C1474646 /* CoreGraphics.framework */ = {isa = PBXBuildFile; fileRef = 69D0B2E073627F93179EA8DA; };
		63EC4E976475E32D3B44DEB0 /* ChordTable.cpp */ = {isa = PBXBuildFile; fileRef = 7204DFA556345122E9B6F670; };
		66B740A8D663821DB4B93CDB /* Scale.cpp */ = {isa = PBXBuildFile; fileRef = 3A75490B61D53208AAA4B83C; };
		7145314A02156A0CD54D430F /* ComponentBase.cpp */ = {isa = PBXBuildFile; fileRef = 6B4EE0B8420648D3A20522D2; };
		7B20CA1E407055E82D3B955B /* Foundation.framework */ = {isa = PBXBuildFile; fileRef = 96080E962818ECA60A05FF7C; };
		7D9589D2D2AD58A5080F5FFC /* include_juce_data_structures.mm */ = {isa = PBXBuildFile; fileRef = 89E241046EF4F07BFDF7AE9D; };
		7E910F5C1748F59DA7809909 /* MainComponent.cpp */ = {isa = PBXBuildFile; fileRef = B20C808C70DD2114ED34790B; };
		9553D89C5A5FEEA6088C2F0E /* QuartzCore.framework */ = {isa = PBXBuildFile; fileRef = 018E8107E9D739BA282D21F0; };
		9EE87F42ABC494D950BE30B8 /* CoreText.framework */ = {isa = PBXBuildFile; fileRef = A5ACFC99B3E2C18D3E363EBF; };
		A47FEAC6C30DC5CDD886C7EF /* CoreAudioKit.framework */ = {isa = PBXBuildFile; fileRef = DC420D9DCFECD4438D18D9F9; };
		A80DBAF809D7C982D0FAE174 /* include_juce_audio_processors.mm */ = {isa = PBXBuildFile; fileRef = 46E8BA52B79E0D78E36CAA30; };
		A964AC1C768BC194193B95BB /* include_juce_graphics.mm */ = {isa = PBXBuildFile; fileRef = EE9602EFEFCBDCCF7E542DC9; };
		AFDB166DB4BD0556A5DBDAB3 /* Chord.cpp */ = {isa = PBXBuildFile; fileRef = CD4FB06734909D7BD19D9578; };
		B40C93BBBA399D1C96B2E81F /* AVFoundation.framework */ = {isa = PBXBuildFile; fileRef = F56B77DF0E0316293C80F5FD; };
		BC6FD0BC81DD69D098635A89 /* WebKit.framework */ = {isa = PBXBuildFile; fileRef = 9CD6B5C0F3F4F23BDF6E3487; };
		CB804E80DD264C1DD78DABB5 /* include_juce_audio_basics.mm */ = {isa = PBXBuildFile; fileRef = 36E06633367AAE9C7A254BDD; };
		D497C918073A0CD549DEE708 /* include_juce_osc.cpp */ = {isa = PBXBuildFile; fileRef = 646A3B3EBC2E9E4008049E1E; };
		E5185804C85BBD67DEBED156 /* include_juce_core.mm */ = {isa = PBXBuildFile; fileRef = 87FFE1B7363ACA7EC7F891A1; };
		EDE5767636CD6B1E71871543 /* CoreServices.framework */ = {isa = PBXBuildFile; fileRef = 92B3A73E2CCB6FC4292B6771; };
		EEAE647984B8B4E5F761FE35 /* include_juce_dsp.mm */ = {isa = PBXBuildFile; fileRef = 589E08C2B49C4F298ED191F5; };
		FE59C8E9726D179F9CEC4338 /* UIKit.framework */ = {isa = PBXBuildFile; fileRef = 848C639D77533C500866BAF6; };
/* End PBXBuildFile section */

/* Begin PBXFileReference section */
		018E8107E9D739BA282D21F0 /* QuartzCore.framework */ /* QuartzCore.framework */ = {isa = PBXFileReference; lastKnownFileType = wrapper.framework; name = QuartzCore.framework; path = System/Library/Frameworks/QuartzCore.framework; sourceTree = SDKROOT; };
		097CE2F8A8DFED64B37E9C3F /* juce_gui_basics */ /* juce_gui_basics */ = {isa = PBXFileReference; lastKnownFileType = folder; name = juce_gui_basics; path = "~/JUCE/modules/juce_gui_basics"; sourceTree = "<absolute>"; };
		0B6193820D0D9E8A0A2F5A5A /* Info-App.plist */ /* Info-App.plist */ = {isa = PBXFileReference; lastKnownFileType = text.plist.xml; name = "Info-App.plist"; path = "Info-App.plist"; sourceTree = SOURCE_ROOT; };
		11119CC578363A5A6A6F5697 /* CoreMIDI.framework */ /* CoreMIDI.framework */ = {isa = PBXFileReference; lastKnownFileType = wrapper.framework; name = CoreMIDI.framework; path = System/Library/Frameworks/CoreMIDI.framework; sourceTree = SDKROOT; };
		14CFC8F0289FAAD33DE3CE10 /* CoreAudio.framework */ /* CoreAudio.framework */ = {isa = PBXFileReference; lastKnownFileType = wrapper.framework; name = CoreAudio.framework; path = System/Library/Frameworks/CoreAudio.framework; sourceTree = SDKROOT; };
		20BE160BA8B454DCC7F68C62 /* include_juce_events.mm */ /* include_juce_events.mm */ = {isa = PBXFileReference; lastKnownFileType = sourcecode.cpp.objcpp; name = include_juce_events.mm; path = ../../JuceLibraryCode/include_juce_events.mm; sourceTree = SOURCE_ROOT; };
		2692EE82F69D86147A602F1C /* SelectorComponents.cpp */ /* SelectorComponents.cpp */ = {isa = PBXFileReference; lastKnownFileType = sourcecode.cpp.cpp; name = SelectorComponents.cpp; path = ../../Source/SelectorComponents.cpp; sourceTree = SOURCE_ROOT; };
		284314AB8681F703D3CD7948 /* Scale.h */ /* Scale.h */ = {isa = PBXFileReference; lastKnownFileType = sourcecode.c.h; name = Scale.h; path = ../../Source/Scale.h; sourceTree = SOURCE_ROOT; };
		2A7F0DC58AABEEC66BBE5A26 /* include_juce_audio_formats.mm */ /* include_juce_audio_formats.mm */ = {isa = PBXFileReference; lastKnownFileType = sourcecode.cpp.objcpp; name = include_juce_audio_formats.mm; path = ../../JuceLibraryCode/include_juce_audio_formats.mm; sourceTree = SOURCE_ROOT; };
		36D99845EA04FB27612DFF6A /* Controller.cpp */ /* Controller.cpp */ = {isa = PBXFileReference; lastKnownFileType = sourcecode.cpp.cpp; name = Controller.cpp; path = ../../Source/Controller.cpp; sourceTree = SOURCE_ROOT; };
		36E06633367AAE9C7A254BDD /* include_juce_audio_basics.mm */ /* include_juce_audio_basics.mm */ = {isa = PBXFileReference; lastKnownFileType = sourcecode.cpp.objcpp; name = include_juce_audio_basics.mm; path = ../../JuceLibraryCode/include_juce_audio_basics.mm; sourceTree = SOURCE_ROOT; };
		3744121B092E75B57F788ACF /* juce_audio_basics */ /* juce_audio_basics */ = {isa = PBXFileReference; lastKnownFileType = folder; name = juce_audio_basics; path = "~/JUCE/modules/juce_audio_basics"; sourceTree = "<absolute>"; };
		3748BB2AD38FC0692FFEA940 /* include_juce_audio_utils.mm */ /* include_juce_audio_utils.mm */ = {isa = PBXFileReference; lastKnownFileType = sourcecode.cpp.objcpp; name = include_juce_audio_utils.mm; path = ../../JuceLibraryCode/include_juce_audio_utils.mm; sourceTree = SOURCE_ROOT; };
		3A75490B61D53208AAA4B83C /* Scale.cpp */ /* Scale.cpp */ = {isa = PBXFileReference; lastKnownFileType = sourcecode.cpp.cpp; name = Scale.cpp; path = ../../Source/Scale.cpp; sourceTree = SOURCE_ROOT; };
		40CB09A0EB1F35B8623D1AEB /* LookAndFeel.h */ /* LookAndFeel.h */ = {isa = PBXFileReference; lastKnownFileType = sourcecode.c.h; name = LookAndFeel.h; path = ../../Source/LookAndFeel.h; sourceTree = SOURCE_ROOT; };
		44D96689717F5A618D385519 /* juce_audio_utils */ /* juce_audio_utils */ = {isa = PBXFileReference; lastKnownFileType = folder; name = juce_audio_utils; path = "~/JUCE/modules/juce_audio_utils"; sourceTree = "<absolute>"; };
		46E8BA52B79E0D78E36CAA30 /* include_juce_audio_processors.mm */ /* include_juce_audio_processors.mm */ = {isa = PBXFileReference; lastKnownFileType = sourcecode.cpp.objcpp; name = include_juce_audio_processors.mm; path = ../../JuceLibraryCode/include_juce_audio_processors.mm; sourceTree = SOURCE_ROOT; };
		47AA700881BCBC4031A2C42F /* LaunchScreen.storyboard */ /* LaunchScreen.storyboard */ = {isa = PBXFileReference; lastKnownFileType = file.storyboard; name = LaunchScreen.storyboard; path = LaunchScreen.storyboard; sourceTree = SOURCE_ROOT; };
		4C50B7F4297E3250DEDE25A2 /* ComponentBase.h */ /* ComponentBase.h */ = {isa = PBXFileReference; lastKnownFileType = sourcecode.c.h; name = ComponentBase.h; path = ../../Source/ComponentBase.h; sourceTree = SOURCE_ROOT; };
		4CBA1C33BAA0A1E642DA8947 /* include_juce_gui_basics.mm */ /* include_juce_gui_basics.mm */ = {isa = PBXFileReference; lastKnownFileType = sourcecode.cpp.objcpp; name = include_juce_gui_basics.mm; path = ../../JuceLibraryCode/include_juce_gui_basics.mm; sourceTree = SOURCE_ROOT; };
		52451221AB2087A8D897CBA2 /* include_juce_audio_devices.mm */ /* include_juce_audio_devices.mm */ = {isa = PBXFileReference; lastKnownFileType = sourcecode.cpp.objcpp; name = include_juce_audio_devices.mm; path = ../../JuceLibraryCode/include_juce_audio_devices.mm; sourceTree = SOURCE_ROOT; };
		52D0BAACA695241B92A4D7EB /* juce_audio_processors */ /* juce_audio_processors */ = {isa = PBXFileReference; lastKnownFileType = folder; name = juce_audio_processors; path = "~/JUCE/modules/juce_audio_processors"; sourceTree = "<absolute>"; };
		533575158A72B67802F9AB34 /* AudioToolbox.framework */ /* AudioToolbox.framework */ = {isa = PBXFileReference; lastKnownFileType = wrapper.framework; name = AudioToolbox.framework; path = System/Library/Frameworks/AudioToolbox.framework; sourceTree = SDKROOT; };
		54B33D930B16587056F701E8 /* Types.h */ /* Types.h */ = {isa = PBXFileReference; lastKnownFileType = sourcecode.c.h; name = Types.h; path = ../../Source/Types.h; sourceTree = SOURCE_ROOT; };
		54BCC94C06CD1D2E84C505D2 /* Model.h */ /* Model.h */ = {isa = PBXFileReference; lastKnownFileType = sourcecode.c.h; name = Model.h; path = ../../Source/Model.h; sourceTree = SOURCE_ROOT; };
		558BDADC340E2D1C716FE3BD /* App */ = {isa = PBXFileReference; explicitFileType = wrapper.application; includeInIndex = 0; path = BorrowedChords.app; sourceTree = BUILT_PRODUCTS_DIR; };
		589E08C2B49C4F298ED191F5 /* include_juce_dsp.mm */ /* include_juce_dsp.mm */ = {isa = PBXFileReference; lastKnownFileType = sourcecode.cpp.objcpp; name = include_juce_dsp.mm; path = ../../JuceLibraryCode/include_juce_dsp.mm; sourceTree = SOURCE_ROOT; };
		5B10B61AA89233187388936B /* LookAndFeel.cpp */ /* LookAndFeel.cpp */ = {isa = PBXFileReference; lastKnownFileType = sourcecode.cpp.cpp; name = LookAndFeel.cpp; path = ../../Source/LookAndFeel.cpp; sourceTree = SOURCE_ROOT; };
		5D10864E0DC7E8C14473402A /* juce_graphics */ /* juce_graphics */ = {isa = PBXFileReference; lastKnownFileType = folder; name = juce_graphics; path = "~/JUCE/modules/juce_graphics"; sourceTree = "<absolute>"; };
		60D08B88A5E88C80D9AA8FFF /* CoreImage.framework */ /* CoreImage.framework */ = {isa = PBXFileReference; lastKnownFileType = wrapper.framework; name = CoreImage.framework; path = System/Library/Frameworks/CoreImage.framework; sourceTree = SDKROOT; };
		646A3B3EBC2E9E4008049E1E /* include_juce_osc.cpp */ /* include_juce_osc.cpp */ = {isa = PBXFileReference; lastKnownFileType = sourcecode.cpp.cpp; name = include_juce_osc.cpp; path = ../../JuceLibraryCode/include_juce_osc.cpp; sourceTree = SOURCE_ROOT; };
		68B6818F29460A59FA7A1208 /* Main.cpp */ /* Main.cpp */ = {isa = PBXFileReference; lastKnownFileType = sourcecode.cpp.cpp; name = Main.cpp; path = ../../Source/Main.cpp; sourceTree = SOURCE_ROOT; };
		69A02E93CAA24BE03ABEE35E /* ViewHeader.h */ /* ViewHeader.h */ = {isa = PBXFileReference; lastKnownFileType = sourcecode.c.h; name = ViewHeader.h; path = ../../Source/ViewHeader.h; sourceTree = SOURCE_ROOT; };
		69D0B2E073627F93179EA8DA /* CoreGraphics.framework */ /* CoreGraphics.framework */ = {isa = PBXFileReference; lastKnownFileType = wrapper.framework; name = CoreGraphics.framework; path = System/Library/Frameworks/CoreGraphics.framework; sourceTree = SDKROOT; };
		6B4EE0B8420648D3A20522D2 /* ComponentBase.cpp */ /* ComponentBase.cpp */ = {isa = PBXFileReference; lastKnownFileType = sourcecode.cpp.cpp; name = ComponentBase.cpp; path = ../../Source/ComponentBase.cpp; sourceTree = SOURCE_ROOT; };
		6EEEBD147AD2E8DBE31C71E6 /* ModelHeader.h */ /* ModelHeader.h */ = {isa = PBXFileReference; lastKnownFileType = sourcecode.c.h; name = ModelHeader.h; path = ../../Source/ModelHeader.h; sourceTree = SOURCE_ROOT; };
		6EFB7F051DEB3C42A33645C7 /* Model.cpp */ /* Model.cpp */ = {isa = PBXFileReference; lastKnownFileType = sourcecode.cpp.cpp; name = Model.cpp; path = ../../Source/Model.cpp; sourceTree = SOURCE_ROOT; };
		7204DFA556345122E9B6F670 /* ChordTable.cpp */ /* ChordTable.cpp */ = {isa = PBXFileReference; lastKnownFileType = sourcecode.cpp.cpp; name = ChordTable.cpp; path = ../../Source/ChordTable.cpp; sourceTree = SOURCE_ROOT; };
		73A635DC82D6E3B735430B9F /* juce_events */ /* juce_events */ = {isa = PBXFileReference; lastKnownFileType = folder; name = juce_events; path = "~/JUCE/modules/juce_events"; sourceTree = "<absolute>"; };
		77C3CCC8F6F43274A36FC597 /* JuceHeader.h */ /* JuceHeader.h */ = {isa = PBXFileReference; lastKnownFileType = sourcecode.c.h; name = JuceHeader.h; path = ../../JuceLibraryCode/JuceHeader.h; sourceTree = SOURCE_ROOT; };
		8470298B0A7A40B42AC81C89 /* Note.h */ /* Note.h */ = {isa = PBXFileReference; lastKnownFileType = sourcecode.c.h; name = Note.h; path = ../../Source/Note.h; sourceTree = SOURCE_ROOT; };
		848C639D77533C500866BAF6 /* UIKit.framework */ /* UIKit.framework */ = {isa = PBXFileReference; lastKnownFileType = wrapper.framework; name = UIKit.framework; path = System/Library/Frameworks/UIKit.framework; sourceTree = SDKROOT; };
		87FFE1B7363ACA7EC7F891A1 /* include_juce_core.mm */ /* include_juce_core.mm */ = {isa = PBXFileReference; lastKnownFileType = sourcecode.cpp.objcpp; name = include_juce_core.mm; path = ../../JuceLibraryCode/include_juce_core.mm; sourceTree = SOURCE_ROOT; };
		89E241046EF4F07BFDF7AE9D /* include_juce_data_structures.mm */ /* include_juce_data_structures.mm */ = {isa = PBXFileReference; lastKnownFileType = sourcecode.cpp.objcpp; name = include_juce_data_structures.mm; path = ../../JuceLibraryCode/include_juce_data_structures.mm; sourceTree = SOURCE_ROOT; };
		8B90FAB7F5550570C14D8D09 /* MainComponent.h */ /* MainComponent.h */ = {isa = PBXFileReference; lastKnownFileType = sourcecode.c.h; name = MainComponent.h; path = ../../Source/MainComponent.h; sourceTree = SOURCE_ROOT; };
		8C15E6B12A2B0348533CE1C8 /* juce_gui_extra */ /* juce_gui_extra */ = {isa = PBXFileReference; lastKnownFileType = folder; name = juce_gui_extra; path = "~/JUCE/modules/juce_gui_extra"; sourceTree = "<absolute>"; };
		92B3A73E2CCB6FC4292B6771 /* CoreServices.framework */ /* CoreServices.framework */ = {isa = PBXFileReference; lastKnownFileType = wrapper.framework; name = CoreServices.framework; path = System/Library/Frameworks/CoreServices.framework; sourceTree = SDKROOT; };
		94068A15A6F64DD4296451CE /* Broadcaster.cpp */ /* Broadcaster.cpp */ = {isa = PBXFileReference; lastKnownFileType = sourcecode.cpp.cpp; name = Broadcaster.cpp; path = ../../Source/Broadcaster.cpp; sourceTree = SOURCE_ROOT; };
		96080E962818ECA60A05FF7C /* Foundation.framework */ /* Foundation.framework */ = {isa = PBXFileReference; lastKnownFileType = wrapper.framework; name = Foundation.framework; path = System/Library/Frameworks/Foundation.framework; sourceTree = SDKROOT; };
		9613EFFC15B633F7869837FC /* IModel.h */ /* IModel.h */ = {isa = PBXFileReference; lastKnownFileType = sourcecode.c.h; name = IModel.h; path = ../../Source/IModel.h; sourceTree = SOURCE_ROOT; };
		9A8871A6A92EFEC41EF922DD /* Broadcaster.h */ /* Broadcaster.h */ = {isa = PBXFileReference; lastKnownFileType = sourcecode.c.h; name = Broadcaster.h; path = ../../Source/Broadcaster.h; sourceTree = SOURCE_ROOT; };
		9CD6B5C0F3F4F23BDF6E3487 /* WebKit.framework */ /* WebKit.framework */ = {isa = PBXFileReference; lastKnownFileType = wrapper.framework; name = WebKit.framework; path = System/Library/Frameworks/WebKit.framework; sourceTree = SDKROOT; };
		A4677BCD32C392AC2E7567ED /* ChordTable.h */ /* ChordTable.h */ = {isa = PBXFileReference; lastKnownFileType = sourcecode.c.h; name = ChordTable.h; path = ../../Source/ChordTable.h; sourceTree = SOURCE_ROOT; };
		A5ACFC99B3E2C18D3E363EBF /* CoreText.framework */ /* CoreText.framework */ = {isa = PBXFileReference; lastKnownFileType = wrapper.framework; name = CoreText.framework; path = System/Library/Frameworks/CoreText.framework; sourceTree = SDKROOT; };
		AAEAD5DE3659E4A52C7250A4 /* Intervals.h */ /* Intervals.h */ = {isa = PBXFileReference; lastKnownFileType = sourcecode.c.h; name = Intervals.h; path = ../../Source/Intervals.h; sourceTree = SOURCE_ROOT; };
		B20C808C70DD2114ED34790B /* MainComponent.cpp */ /* MainComponent.cpp */ = {isa = PBXFileReference; lastKnownFileType = sourcecode.cpp.cpp; name = MainComponent.cpp; path = ../../Source/MainComponent.cpp; sourceTree = SOURCE_ROOT; };
		B9A05126D2874A942BE5E914 /* Controller.h */ /* Controller.h */ = {isa = PBXFileReference; lastKnownFileType = sourcecode.c.h; name = Controller.h; path = ../../Source/Controller.h; sourceTree = SOURCE_ROOT; };
		BBA7D12AA6376899C1C2D124 /* Chord.h */ /* Chord.h */ = {isa = PBXFileReference; lastKnownFileType = sourcecode.c.h; name = Chord.h; path = ../../Source/Chord.h; sourceTree = SOURCE_ROOT; };
		BFFF10EEEC02EC0AEB7D29BF /* IController.h */ /* IController.h */ = {isa = PBXFileReference; lastKnownFileType = sourcecode.c.h; name = IController.h; path = ../../Source/IController.h; sourceTree = SOURCE_ROOT; };
		C0E284A024CB167FB7F3A7A8 /* juce_data_structures */ /* juce_data_structures */ = {isa = PBXFileReference; lastKnownFileType = folder; name = juce_data_structures; path = "~/JUCE/modules/juce_data_structures"; sourceTree = "<absolute>"; };
		C5D3BDA1CB2A91D0FB142002 /* Note.cpp */ /* Note.cpp */ = {isa = PBXFileReference; lastKnownFileType = sourcecode.cpp.cpp; name = Note.cpp; path = ../../Source/Note.cpp; sourceTree = SOURCE_ROOT; };
		C7E1169C2218F7BFE221B423 /* juce_audio_devices */ /* juce_audio_devices */ = {isa = PBXFileReference; lastKnownFileType = folder; name = juce_audio_devices; path = "~/JUCE/modules/juce_audio_devices"; sourceTree = "<absolute>"; };
		CC9BF55C5A69FCA14509BCEB /* Includes.h */ /* Includes.h */ = {isa = PBXFileReference; lastKnownFileType = sourcecode.c.h; name = Includes.h; path = ../../Source/Includes.h; sourceTree = SOURCE_ROOT; };
		CD4FB06734909D7BD19D9578 /* Chord.cpp */ /* Chord.cpp */ = {isa = PBXFileReference; lastKnownFileType = sourcecode.cpp.cpp; name = Chord.cpp; path = ../../Source/Chord.cpp; sourceTree = SOURCE_ROOT; };
		CDBFB53708540CB2F9D78B0A /* AppBasics.h */ /* AppBasics.h */ = {isa = PBXFileReference; lastKnownFileType = sourcecode.c.h; name = AppBasics.h; path = ../../Source/AppBasics.h; sourceTree = SOURCE_ROOT; };
		CF27FAB4669CB087834ED525 /* juce_dsp */ /* juce_dsp */ = {isa = PBXFileReference; lastKnownFileType = folder; name = juce_dsp; path = "~/JUCE/modules/juce_dsp"; sourceTree = "<absolute>"; };
		D9104CC8E632A504AEAA95B4 /* Accelerate.framework */ /* Accelerate.framework */ = {isa = PBXFileReference; lastKnownFileType = wrapper.framework; name = Accelerate.framework; path = System/Library/Frameworks/Accelerate.framework; sourceTree = SDKROOT; };
		DC420D9DCFECD4438D18D9F9 /* CoreAudioKit.framework */ /* CoreAudioKit.framework */ = {isa = PBXFileReference; lastKnownFileType = wrapper.framework; name = CoreAudioKit.framework; path = System/Library/Frameworks/CoreAudioKit.framework; sourceTree = SDKROOT; };
		DCBE353EF9CECBF50ED1CDC8 /* Images.xcassets */ /* Images.xcassets */ = {isa = PBXFileReference; lastKnownFileType = folder.assetcatalog; name = Images.xcassets; path = BorrowedChords/Images.xcassets; sourceTree = SOURCE_ROOT; };
		E186D8C03B25A97BEFAC4CE4 /* SelectorComponents.h */ /* SelectorComponents.h */ = {isa = PBXFileReference; lastKnownFileType = sourcecode.c.h; name = SelectorComponents.h; path = ../../Source/SelectorComponents.h; sourceTree = SOURCE_ROOT; };
		E7B000D3DB5CF12EBF68F7CA /* juce_audio_formats */ /* juce_audio_formats */ = {isa = PBXFileReference; lastKnownFileType = folder; name = juce_audio_formats; path = "~/JUCE/modules/juce_audio_formats"; sourceTree = "<absolute>"; };
		EC5B0411E4BC320802E28B94 /* juce_osc */ /* juce_osc */ = {isa = PBXFileReference; lastKnownFileType = folder; name = juce_osc; path = "~/JUCE/modules/juce_osc"; sourceTree = "<absolute>"; };
		EE9602EFEFCBDCCF7E542DC9 /* include_juce_graphics.mm */ /* include_juce_graphics.mm */ = {isa = PBXFileReference; lastKnownFileType = sourcecode.cpp.objcpp; name = include_juce_graphics.mm; path = ../../JuceLibraryCode/include_juce_graphics.mm; sourceTree = SOURCE_ROOT; };
		EF2AC0CDC5FEB15DA2BA00C6 /* Main.h */ /* Main.h */ = {isa = PBXFileReference; lastKnownFileType = sourcecode.c.h; name = Main.h; path = ../../Source/Main.h; sourceTree = SOURCE_ROOT; };
		F3C7AFCFC75B0C45EBB3E75C /* include_juce_gui_extra.mm */ /* include_juce_gui_extra.mm */ = {isa = PBXFileReference; lastKnownFileType = sourcecode.cpp.objcpp; name = include_juce_gui_extra.mm; path = ../../JuceLibraryCode/include_juce_gui_extra.mm; sourceTree = SOURCE_ROOT; };
		F56B77DF0E0316293C80F5FD /* AVFoundation.framework */ /* AVFoundation.framework */ = {isa = PBXFileReference; lastKnownFileType = wrapper.framework; name = AVFoundation.framework; path = System/Library/Frameworks/AVFoundation.framework; sourceTree = SDKROOT; };
		F7A6CF5DCB275DFFD8033097 /* juce_core */ /* juce_core */ = {isa = PBXFileReference; lastKnownFileType = folder; name = juce_core; path = "~/JUCE/modules/juce_core"; sourceTree = "<absolute>"; };
		F845BA32CBCDB7AFA4C7FA1D /* ControllerHeader.h */ /* ControllerHeader.h */ = {isa = PBXFileReference; lastKnownFileType = sourcecode.c.h; name = ControllerHeader.h; path = ../../Source/ControllerHeader.h; sourceTree = SOURCE_ROOT; };
/* End PBXFileReference section */

/* Begin PBXFrameworksBuildPhase section */
		E707DED5CC0FC76521E3B21C = {
			isa = PBXFrameworksBuildPhase;
			buildActionMask = 2147483647;
			files = (
				2F4AFE8F5E0CFDDF3D6E6180,
				0F077423DFC1528348BDEDE3,
				B40C93BBBA399D1C96B2E81F,
				57FCC12D8FD855157A0D38A9,
				A47FEAC6C30DC5CDD886C7EF,
				630A70430A7E36A5C1474646,
				5A146E276047B2A01DFF3C66,
				0FA0CDB2D0B09FDB329DBA00,
				EDE5767636CD6B1E71871543,
				9EE87F42ABC494D950BE30B8,
				7B20CA1E407055E82D3B955B,
				9553D89C5A5FEEA6088C2F0E,
				FE59C8E9726D179F9CEC4338,
				BC6FD0BC81DD69D098635A89,
			);
			runOnlyForDeploymentPostprocessing = 0;
		};
/* End PBXFrameworksBuildPhase section */

/* Begin PBXGroup section */
		0F66DB2250674DD72801047F /* JUCE Modules */ = {
			isa = PBXGroup;
			children = (
				3744121B092E75B57F788ACF,
				C7E1169C2218F7BFE221B423,
				E7B000D3DB5CF12EBF68F7CA,
				52D0BAACA695241B92A4D7EB,
				44D96689717F5A618D385519,
				F7A6CF5DCB275DFFD8033097,
				C0E284A024CB167FB7F3A7A8,
				CF27FAB4669CB087834ED525,
				73A635DC82D6E3B735430B9F,
				5D10864E0DC7E8C14473402A,
				097CE2F8A8DFED64B37E9C3F,
				8C15E6B12A2B0348533CE1C8,
				EC5B0411E4BC320802E28B94,
			);
			name = "JUCE Modules";
			sourceTree = "<group>";
		};
		1EB67BCBF62602F238600867 /* JUCE Library Code */ = {
			isa = PBXGroup;
			children = (
				36E06633367AAE9C7A254BDD,
				52451221AB2087A8D897CBA2,
				2A7F0DC58AABEEC66BBE5A26,
				46E8BA52B79E0D78E36CAA30,
				3748BB2AD38FC0692FFEA940,
				87FFE1B7363ACA7EC7F891A1,
				89E241046EF4F07BFDF7AE9D,
				589E08C2B49C4F298ED191F5,
				20BE160BA8B454DCC7F68C62,
				EE9602EFEFCBDCCF7E542DC9,
				4CBA1C33BAA0A1E642DA8947,
				F3C7AFCFC75B0C45EBB3E75C,
				646A3B3EBC2E9E4008049E1E,
				77C3CCC8F6F43274A36FC597,
			);
			name = "JUCE Library Code";
			sourceTree = "<group>";
		};
		2BC96F515FB2445DFB3CA9B4 /* View */ = {
			isa = PBXGroup;
			children = (
				2692EE82F69D86147A602F1C,
				E186D8C03B25A97BEFAC4CE4,
				EF2AC0CDC5FEB15DA2BA00C6,
				69A02E93CAA24BE03ABEE35E,
				6B4EE0B8420648D3A20522D2,
				4C50B7F4297E3250DEDE25A2,
				5B10B61AA89233187388936B,
				40CB09A0EB1F35B8623D1AEB,
				7204DFA556345122E9B6F670,
				A4677BCD32C392AC2E7567ED,
				8B90FAB7F5550570C14D8D09,
				68B6818F29460A59FA7A1208,
				B20C808C70DD2114ED34790B,
			);
			name = View;
			sourceTree = "<group>";
		};
		34FF0BF06BE94B983A3BA4D0 /* Resources */ = {
			isa = PBXGroup;
			children = (
				0B6193820D0D9E8A0A2F5A5A,
				DCBE353EF9CECBF50ED1CDC8,
				47AA700881BCBC4031A2C42F,
			);
			name = Resources;
			sourceTree = "<group>";
		};
		6344FE6399B91C5AFC8E4C1C /* Controller */ = {
			isa = PBXGroup;
			children = (
				94068A15A6F64DD4296451CE,
				9A8871A6A92EFEC41EF922DD,
				36D99845EA04FB27612DFF6A,
				B9A05126D2874A942BE5E914,
				F845BA32CBCDB7AFA4C7FA1D,
				BFFF10EEEC02EC0AEB7D29BF,
			);
			name = Controller;
			sourceTree = "<group>";
		};
		66B0839880304C6FAD302758 /* Source */ = {
			isa = PBXGroup;
			children = (
				54B33D930B16587056F701E8,
				CDBFB53708540CB2F9D78B0A,
				CC9BF55C5A69FCA14509BCEB,
				9BE612D4540A40765F129290,
				2BC96F515FB2445DFB3CA9B4,
				6344FE6399B91C5AFC8E4C1C,
			);
			name = Source;
			sourceTree = "<group>";
		};
		743E6A901ACF114DE6B9D26D /* BorrowedChords */ = {
			isa = PBXGroup;
			children = (
				66B0839880304C6FAD302758,
			);
			name = BorrowedChords;
			sourceTree = "<group>";
		};
		9BE612D4540A40765F129290 /* Model */ = {
			isa = PBXGroup;
			children = (
				CD4FB06734909D7BD19D9578,
				BBA7D12AA6376899C1C2D124,
				9613EFFC15B633F7869837FC,
				AAEAD5DE3659E4A52C7250A4,
				6EFB7F051DEB3C42A33645C7,
				54BCC94C06CD1D2E84C505D2,
				6EEEBD147AD2E8DBE31C71E6,
				C5D3BDA1CB2A91D0FB142002,
				8470298B0A7A40B42AC81C89,
				3A75490B61D53208AAA4B83C,
				284314AB8681F703D3CD7948,
			);
			name = Model;
			sourceTree = "<group>";
		};
		AA186690852BBA820EB76B1D /* Products */ = {
			isa = PBXGroup;
			children = (
				558BDADC340E2D1C716FE3BD,
			);
			name = Products;
			sourceTree = "<group>";
		};
		E4EAA21BB072192F8D7BA08B /* Source */ = {
			isa = PBXGroup;
			children = (
				743E6A901ACF114DE6B9D26D,
				0F66DB2250674DD72801047F,
				1EB67BCBF62602F238600867,
				34FF0BF06BE94B983A3BA4D0,
				EC66DEA7E67AA70C4063992C,
				AA186690852BBA820EB76B1D,
			);
			name = Source;
			sourceTree = "<group>";
		};
		EC66DEA7E67AA70C4063992C /* Frameworks */ = {
			isa = PBXGroup;
			children = (
				D9104CC8E632A504AEAA95B4,
				533575158A72B67802F9AB34,
				F56B77DF0E0316293C80F5FD,
				14CFC8F0289FAAD33DE3CE10,
				DC420D9DCFECD4438D18D9F9,
				69D0B2E073627F93179EA8DA,
				60D08B88A5E88C80D9AA8FFF,
				11119CC578363A5A6A6F5697,
				92B3A73E2CCB6FC4292B6771,
				A5ACFC99B3E2C18D3E363EBF,
				96080E962818ECA60A05FF7C,
				018E8107E9D739BA282D21F0,
				848C639D77533C500866BAF6,
				9CD6B5C0F3F4F23BDF6E3487,
			);
			name = Frameworks;
			sourceTree = "<group>";
		};
/* End PBXGroup section */

/* Begin PBXNativeTarget section */
		D948EF1EB62F29DE477ACA3F /* BorrowedChords - App */ = {
			isa = PBXNativeTarget;
			buildConfigurationList = 72811129033B9DAA7C11C83E;
			buildPhases = (
				47017F2E181AE5D94458D337,
				29A8380A0AC12C00210E1034,
				E707DED5CC0FC76521E3B21C,
			);
			buildRules = (
			);
			dependencies = (
			);
			name = "BorrowedChords - App";
			productName = BorrowedChords;
			productReference = 558BDADC340E2D1C716FE3BD;
			productType = "com.apple.product-type.application";
		};
/* End PBXNativeTarget section */

/* Begin PBXProject section */
		C87CA36D86ED391CE3AA0406 = {
			isa = PBXProject;
			attributes = {
				LastUpgradeCheck = 1240;
				ORGANIZATIONNAME = "dIOtonic";
				TargetAttributes = {
					D948EF1EB62F29DE477ACA3F = {
						SystemCapabilities = {
							com.apple.ApplicationGroups.iOS = {
								enabled = 0;
							};
							com.apple.HardenedRuntime = {
								enabled = 0;
							};
							com.apple.InAppPurchase = {
								enabled = 0;
							};
							com.apple.InterAppAudio = {
								enabled = 0;
							};
							com.apple.Push = {
								enabled = 0;
							};
							com.apple.Sandbox = {
								enabled = 0;
							};
						};
					};
				};
			};
			buildConfigurationList = 54DF5637BA5A0F836216F276;
			compatibilityVersion = "Xcode 3.2";
			hasScannedForEncodings = 0;
			knownRegions = (
				en,
				Base,
			);
			mainGroup = E4EAA21BB072192F8D7BA08B;
			projectDirPath = "";
			projectRoot = "";
			targets = (
				D948EF1EB62F29DE477ACA3F,
			);
		};
/* End PBXProject section */

/* Begin PBXResourcesBuildPhase section */
		47017F2E181AE5D94458D337 = {
			isa = PBXResourcesBuildPhase;
			buildActionMask = 2147483647;
			files = (
				30B1F2D3E738CEA605399AC5,
				5AFC738C36B50ACC72B37144,
			);
			runOnlyForDeploymentPostprocessing = 0;
		};
/* End PBXResourcesBuildPhase section */

/* Begin PBXSourcesBuildPhase section */
		29A8380A0AC12C00210E1034 = {
			isa = PBXSourcesBuildPhase;
			buildActionMask = 2147483647;
			files = (
				AFDB166DB4BD0556A5DBDAB3,
				256AF42CC1DC20F02EE24303,
				2D961EF809C4FDA11087DE02,
				66B740A8D663821DB4B93CDB,
				16F04C2C91BC004FC9ACFD49,
				7145314A02156A0CD54D430F,
				47BA62F3006734572355952E,
				63EC4E976475E32D3B44DEB0,
				50CC1D4DEA2693718F2F4B5F,
				7E910F5C1748F59DA7809909,
				3F8B15DF3ADC8C2234CDBFF8,
				1DE6E0FABA01D6BCD50A74BC,
				CB804E80DD264C1DD78DABB5,
				0D4D874B85F7A96174D9E53F,
				39D0A3B7E445B452EFB2416C,
				A80DBAF809D7C982D0FAE174,
				152A63008B3AD96DFE963DAE,
				E5185804C85BBD67DEBED156,
				7D9589D2D2AD58A5080F5FFC,
				EEAE647984B8B4E5F761FE35,
				26CD4F214337980409A538A0,
				A964AC1C768BC194193B95BB,
				5055526F8F7D71CB066D2B7E,
				23353D7A2D2D762F69ABE940,
				D497C918073A0CD549DEE708,
			);
			runOnlyForDeploymentPostprocessing = 0;
		};
/* End PBXSourcesBuildPhase section */

/* Begin XCBuildConfiguration section */
		78860A1B520DF681E3F09466 /* Debug */ = {
			isa = XCBuildConfiguration;
			buildSettings = {
				"CODE_SIGN_IDENTITY[sdk=iphoneos*]" = "";
				ASSETCATALOG_COMPILER_APPICON_NAME = AppIcon;
				CLANG_CXX_LANGUAGE_STANDARD = "c++17";
				CLANG_CXX_LIBRARY = "libc++";
				CLANG_LINK_OBJC_RUNTIME = NO;
				COMBINE_HIDPI_IMAGES = YES;
				CONFIGURATION_BUILD_DIR = "$(PROJECT_DIR)/build/$(CONFIGURATION)";
				COPY_PHASE_STRIP = NO;
				GCC_DYNAMIC_NO_PIC = NO;
				GCC_OPTIMIZATION_LEVEL = 0;
				GCC_PREPROCESSOR_DEFINITIONS = (
					"_DEBUG=1",
					"DEBUG=1",
					"JUCE_CONTENT_SHARING=1",
					"JUCE_DISPLAY_SPLASH_SCREEN=1",
					"JUCE_USE_DARK_SPLASH_SCREEN=1",
					"JUCE_PROJUCER_VERSION=0x60008",
					"JUCE_MODULE_AVAILABLE_juce_audio_basics=1",
					"JUCE_MODULE_AVAILABLE_juce_audio_devices=1",
					"JUCE_MODULE_AVAILABLE_juce_audio_formats=1",
					"JUCE_MODULE_AVAILABLE_juce_audio_processors=1",
					"JUCE_MODULE_AVAILABLE_juce_audio_utils=1",
					"JUCE_MODULE_AVAILABLE_juce_core=1",
					"JUCE_MODULE_AVAILABLE_juce_data_structures=1",
					"JUCE_MODULE_AVAILABLE_juce_dsp=1",
					"JUCE_MODULE_AVAILABLE_juce_events=1",
					"JUCE_MODULE_AVAILABLE_juce_graphics=1",
					"JUCE_MODULE_AVAILABLE_juce_gui_basics=1",
					"JUCE_MODULE_AVAILABLE_juce_gui_extra=1",
					"JUCE_MODULE_AVAILABLE_juce_osc=1",
					"JUCE_GLOBAL_MODULE_SETTINGS_INCLUDED=1",
					"JUCE_STRICT_REFCOUNTEDPOINTER=1",
					"JUCE_STANDALONE_APPLICATION=1",
					"JUCER_XCODE_IPHONE_5BC26AE3=1",
					"JUCE_APP_VERSION=1.0.0",
					"JUCE_APP_VERSION_HEX=0x10000",
					"JucePlugin_Build_VST=0",
					"JucePlugin_Build_VST3=0",
					"JucePlugin_Build_AU=0",
					"JucePlugin_Build_AUv3=0",
					"JucePlugin_Build_RTAS=0",
					"JucePlugin_Build_AAX=0",
					"JucePlugin_Build_Standalone=0",
					"JucePlugin_Build_Unity=0",
				);
				GCC_VERSION = com.apple.compilers.llvm.clang.1_0;
				HEADER_SEARCH_PATHS = (
					"$(SRCROOT)/../../JuceLibraryCode",
					"$(HOME)/JUCE/modules",
					"$(inherited)",
				);
				INFOPLIST_FILE = Info-App.plist;
				INFOPLIST_PREPROCESS = NO;
				INSTALL_PATH = "$(HOME)/Applications";
				MTL_HEADER_SEARCH_PATHS = "$(SRCROOT)/../../JuceLibraryCode $(HOME)/JUCE/modules";
				PRODUCT_BUNDLE_IDENTIFIER = com.dIOtonic.BorrowedChords;
				PRODUCT_NAME = "BorrowedChords";
				USE_HEADERMAP = NO;
			};
			name = Debug;
		};
		836DEA6F160475D3851F1F2B /* Release */ = {
			isa = XCBuildConfiguration;
			buildSettings = {
				"CODE_SIGN_IDENTITY[sdk=iphoneos*]" = "";
				ALWAYS_SEARCH_USER_PATHS = NO;
				CLANG_ENABLE_OBJC_WEAK = YES;
				CLANG_WARN_BLOCK_CAPTURE_AUTORELEASING = YES;
				CLANG_WARN_BOOL_CONVERSION = YES;
				CLANG_WARN_COMMA = YES;
				CLANG_WARN_CONSTANT_CONVERSION = YES;
				CLANG_WARN_DEPRECATED_OBJC_IMPLEMENTATIONS = YES;
				CLANG_WARN_EMPTY_BODY = YES;
				CLANG_WARN_ENUM_CONVERSION = YES;
				CLANG_WARN_INFINITE_RECURSION = YES;
				CLANG_WARN_INT_CONVERSION = YES;
				CLANG_WARN_NON_LITERAL_NULL_CONVERSION = YES;
				CLANG_WARN_OBJC_IMPLICIT_RETAIN_SELF = YES;
				CLANG_WARN_OBJC_LITERAL_CONVERSION = YES;
				CLANG_WARN_RANGE_LOOP_ANALYSIS = YES;
				CLANG_WARN_STRICT_PROTOTYPES = YES;
				CLANG_WARN_SUSPICIOUS_MOVE = YES;
				CLANG_WARN_UNREACHABLE_CODE = YES;
				CLANG_WARN__DUPLICATE_METHOD_MATCH = YES;
				DEBUG_INFORMATION_FORMAT = dwarf;
				ENABLE_STRICT_OBJC_MSGSEND = YES;
				ENABLE_TESTABILITY = NO;
				GCC_C_LANGUAGE_STANDARD = c11;
				GCC_INLINES_ARE_PRIVATE_EXTERN = YES;
				GCC_MODEL_TUNING = G5;
				GCC_NO_COMMON_BLOCKS = YES;
				GCC_SYMBOLS_PRIVATE_EXTERN = YES;
				GCC_WARN_64_TO_32_BIT_CONVERSION = YES;
				GCC_WARN_ABOUT_RETURN_TYPE = YES;
				GCC_WARN_CHECK_SWITCH_STATEMENTS = YES;
				GCC_WARN_MISSING_PARENTHESES = YES;
				GCC_WARN_NON_VIRTUAL_DESTRUCTOR = YES;
				GCC_WARN_TYPECHECK_CALLS_TO_PRINTF = YES;
				GCC_WARN_UNDECLARED_SELECTOR = YES;
				GCC_WARN_UNINITIALIZED_AUTOS = YES;
				GCC_WARN_UNUSED_FUNCTION = YES;
				GCC_WARN_UNUSED_VARIABLE = YES;
				IPHONEOS_DEPLOYMENT_TARGET = 9.3;
				PRODUCT_NAME = "BorrowedChords";
				SDKROOT = iphoneos;
				TARGETED_DEVICE_FAMILY = "1,2";
				WARNING_CFLAGS = "-Wreorder";
				ZERO_LINK = NO;
			};
			name = Release;
		};
		E81C0A40EB12D1B7A9766E60 /* Debug */ = {
			isa = XCBuildConfiguration;
			buildSettings = {
				"CODE_SIGN_IDENTITY[sdk=iphoneos*]" = "";
				ALWAYS_SEARCH_USER_PATHS = NO;
				CLANG_ENABLE_OBJC_WEAK = YES;
				CLANG_WARN_BLOCK_CAPTURE_AUTORELEASING = YES;
				CLANG_WARN_BOOL_CONVERSION = YES;
				CLANG_WARN_COMMA = YES;
				CLANG_WARN_CONSTANT_CONVERSION = YES;
				CLANG_WARN_DEPRECATED_OBJC_IMPLEMENTATIONS = YES;
				CLANG_WARN_EMPTY_BODY = YES;
				CLANG_WARN_ENUM_CONVERSION = YES;
				CLANG_WARN_INFINITE_RECURSION = YES;
				CLANG_WARN_INT_CONVERSION = YES;
				CLANG_WARN_NON_LITERAL_NULL_CONVERSION = YES;
				CLANG_WARN_OBJC_IMPLICIT_RETAIN_SELF = YES;
				CLANG_WARN_OBJC_LITERAL_CONVERSION = YES;
				CLANG_WARN_RANGE_LOOP_ANALYSIS = YES;
				CLANG_WARN_STRICT_PROTOTYPES = YES;
				CLANG_WARN_SUSPICIOUS_MOVE = YES;
				CLANG_WARN_UNREACHABLE_CODE = YES;
				CLANG_WARN__DUPLICATE_METHOD_MATCH = YES;
				DEBUG_INFORMATION_FORMAT = dwarf;
				ENABLE_STRICT_OBJC_MSGSEND = YES;
				ENABLE_TESTABILITY = NO;
				GCC_C_LANGUAGE_STANDARD = c11;
				GCC_INLINES_ARE_PRIVATE_EXTERN = YES;
				GCC_MODEL_TUNING = G5;
				GCC_NO_COMMON_BLOCKS = YES;
				GCC_SYMBOLS_PRIVATE_EXTERN = YES;
				GCC_WARN_64_TO_32_BIT_CONVERSION = YES;
				GCC_WARN_ABOUT_RETURN_TYPE = YES;
				GCC_WARN_CHECK_SWITCH_STATEMENTS = YES;
				GCC_WARN_MISSING_PARENTHESES = YES;
				GCC_WARN_NON_VIRTUAL_DESTRUCTOR = YES;
				GCC_WARN_TYPECHECK_CALLS_TO_PRINTF = YES;
				GCC_WARN_UNDECLARED_SELECTOR = YES;
				GCC_WARN_UNINITIALIZED_AUTOS = YES;
				GCC_WARN_UNUSED_FUNCTION = YES;
				GCC_WARN_UNUSED_VARIABLE = YES;
				IPHONEOS_DEPLOYMENT_TARGET = 9.3;
				ONLY_ACTIVE_ARCH = YES;
				PRODUCT_NAME = "BorrowedChords";
				SDKROOT = iphoneos;
				TARGETED_DEVICE_FAMILY = "1,2";
				WARNING_CFLAGS = "-Wreorder";
				ZERO_LINK = NO;
			};
			name = Debug;
		};
		EBB21D15FC84BB4C5A69ACE6 /* Release */ = {
			isa = XCBuildConfiguration;
			buildSettings = {
				"CODE_SIGN_IDENTITY[sdk=iphoneos*]" = "";
				ASSETCATALOG_COMPILER_APPICON_NAME = AppIcon;
				CLANG_CXX_LANGUAGE_STANDARD = "c++17";
				CLANG_CXX_LIBRARY = "libc++";
				CLANG_LINK_OBJC_RUNTIME = NO;
				COMBINE_HIDPI_IMAGES = YES;
				CONFIGURATION_BUILD_DIR = "$(PROJECT_DIR)/build/$(CONFIGURATION)";
				DEAD_CODE_STRIPPING = YES;
				GCC_GENERATE_DEBUGGING_SYMBOLS = NO;
				GCC_OPTIMIZATION_LEVEL = 3;
				GCC_PREPROCESSOR_DEFINITIONS = (
					"_NDEBUG=1",
					"NDEBUG=1",
					"JUCE_CONTENT_SHARING=1",
					"JUCE_DISPLAY_SPLASH_SCREEN=1",
					"JUCE_USE_DARK_SPLASH_SCREEN=1",
					"JUCE_PROJUCER_VERSION=0x60008",
					"JUCE_MODULE_AVAILABLE_juce_audio_basics=1",
					"JUCE_MODULE_AVAILABLE_juce_audio_devices=1",
					"JUCE_MODULE_AVAILABLE_juce_audio_formats=1",
					"JUCE_MODULE_AVAILABLE_juce_audio_processors=1",
					"JUCE_MODULE_AVAILABLE_juce_audio_utils=1",
					"JUCE_MODULE_AVAILABLE_juce_core=1",
					"JUCE_MODULE_AVAILABLE_juce_data_structures=1",
					"JUCE_MODULE_AVAILABLE_juce_dsp=1",
					"JUCE_MODULE_AVAILABLE_juce_events=1",
					"JUCE_MODULE_AVAILABLE_juce_graphics=1",
					"JUCE_MODULE_AVAILABLE_juce_gui_basics=1",
					"JUCE_MODULE_AVAILABLE_juce_gui_extra=1",
					"JUCE_MODULE_AVAILABLE_juce_osc=1",
					"JUCE_GLOBAL_MODULE_SETTINGS_INCLUDED=1",
					"JUCE_STRICT_REFCOUNTEDPOINTER=1",
					"JUCE_STANDALONE_APPLICATION=1",
					"JUCER_XCODE_IPHONE_5BC26AE3=1",
					"JUCE_APP_VERSION=1.0.0",
					"JUCE_APP_VERSION_HEX=0x10000",
					"JucePlugin_Build_VST=0",
					"JucePlugin_Build_VST3=0",
					"JucePlugin_Build_AU=0",
					"JucePlugin_Build_AUv3=0",
					"JucePlugin_Build_RTAS=0",
					"JucePlugin_Build_AAX=0",
					"JucePlugin_Build_Standalone=0",
					"JucePlugin_Build_Unity=0",
				);
				GCC_VERSION = com.apple.compilers.llvm.clang.1_0;
				HEADER_SEARCH_PATHS = (
					"$(SRCROOT)/../../JuceLibraryCode",
					"$(HOME)/JUCE/modules",
					"$(inherited)",
				);
				INFOPLIST_FILE = Info-App.plist;
				INFOPLIST_PREPROCESS = NO;
				INSTALL_PATH = "$(HOME)/Applications";
				LLVM_LTO = YES;
				MTL_HEADER_SEARCH_PATHS = "$(SRCROOT)/../../JuceLibraryCode $(HOME)/JUCE/modules";
				PRODUCT_BUNDLE_IDENTIFIER = com.dIOtonic.BorrowedChords;
				PRODUCT_NAME = "BorrowedChords";
				USE_HEADERMAP = NO;
			};
			name = Release;
		};
/* End XCBuildConfiguration section */

/* Begin XCConfigurationList section */
		54DF5637BA5A0F836216F276 = {
			isa = XCConfigurationList;
			buildConfigurations = (
				836DEA6F160475D3851F1F2B,
				E81C0A40EB12D1B7A9766E60,
			);
			defaultConfigurationIsVisible = 0;
			defaultConfigurationName = Debug;
		};
		72811129033B9DAA7C11C83E = {
			isa = XCConfigurationList;
			buildConfigurations = (
				78860A1B520DF681E3F09466,
				EBB21D15FC84BB4C5A69ACE6,
			);
			defaultConfigurationIsVisible = 0;
			defaultConfigurationName = Debug;
		};
/* End XCConfigurationList section */
	};
	rootObject = C87CA36D86ED391CE3AA0406 /* Project object */;
}
